
Microsoft Visual Studio Solution File, Format Version 12.00
# Visual Studio Version 17
VisualStudioVersion = 17.8.34330.188
MinimumVisualStudioVersion = 10.0.40219.1
Project("{FAE04EC0-301F-11D3-BF4B-00C04F79EFBC}") = "LearnCpp.Android", "LearnCpp.Android\LearnCpp.Android.csproj", "{912B9C67-6C1C-444A-9C46-0074AA3F0B96}"
EndProject
Project("{9A19103F-16F7-4668-BE54-9A1E7A4F7556}") = "LearnCpp", "LearnCpp\LearnCpp.csproj", "{F971AF36-2025-46AE-984E-C0BB4AE04F70}"
EndProject
Project("{FAE04EC0-301F-11D3-BF4B-00C04F79EFBC}") = "LeranCpp.Windows", "LeranCpp.Windows\LeranCpp.Windows.csproj", "{AAA66310-7C85-41E8-A864-4462050ED419}"
EndProject
Global
	GlobalSection(SolutionConfigurationPlatforms) = preSolution
		Debug|Any CPU = Debug|Any CPU
		Debug|ARM = Debug|ARM
		Debug|ARM64 = Debug|ARM64
		Debug|x64 = Debug|x64
		Debug|x86 = Debug|x86
		Release|Any CPU = Release|Any CPU
		Release|ARM = Release|ARM
		Release|ARM64 = Release|ARM64
		Release|x64 = Release|x64
		Release|x86 = Release|x86
	EndGlobalSection
	GlobalSection(ProjectConfigurationPlatforms) = postSolution
		{912B9C67-6C1C-444A-9C46-0074AA3F0B96}.Debug|Any CPU.ActiveCfg = Debug|Any CPU
		{912B9C67-6C1C-444A-9C46-0074AA3F0B96}.Debug|Any CPU.Build.0 = Debug|Any CPU
		{912B9C67-6C1C-444A-9C46-0074AA3F0B96}.Debug|Any CPU.Deploy.0 = Debug|Any CPU
		{912B9C67-6C1C-444A-9C46-0074AA3F0B96}.Debug|ARM.ActiveCfg = Debug|Any CPU
		{912B9C67-6C1C-444A-9C46-0074AA3F0B96}.Debug|ARM.Build.0 = Debug|Any CPU
		{912B9C67-6C1C-444A-9C46-0074AA3F0B96}.Debug|ARM.Deploy.0 = Debug|Any CPU
		{912B9C67-6C1C-444A-9C46-0074AA3F0B96}.Debug|ARM64.ActiveCfg = Debug|Any CPU
		{912B9C67-6C1C-444A-9C46-0074AA3F0B96}.Debug|ARM64.Build.0 = Debug|Any CPU
		{912B9C67-6C1C-444A-9C46-0074AA3F0B96}.Debug|ARM64.Deploy.0 = Debug|Any CPU
		{912B9C67-6C1C-444A-9C46-0074AA3F0B96}.Debug|x64.ActiveCfg = Debug|Any CPU
		{912B9C67-6C1C-444A-9C46-0074AA3F0B96}.Debug|x64.Build.0 = Debug|Any CPU
		{912B9C67-6C1C-444A-9C46-0074AA3F0B96}.Debug|x64.Deploy.0 = Debug|Any CPU
		{912B9C67-6C1C-444A-9C46-0074AA3F0B96}.Debug|x86.ActiveCfg = Debug|Any CPU
		{912B9C67-6C1C-444A-9C46-0074AA3F0B96}.Debug|x86.Build.0 = Debug|Any CPU
		{912B9C67-6C1C-444A-9C46-0074AA3F0B96}.Debug|x86.Deploy.0 = Debug|Any CPU
		{912B9C67-6C1C-444A-9C46-0074AA3F0B96}.Release|Any CPU.ActiveCfg = Release|Any CPU
		{912B9C67-6C1C-444A-9C46-0074AA3F0B96}.Release|Any CPU.Build.0 = Release|Any CPU
		{912B9C67-6C1C-444A-9C46-0074AA3F0B96}.Release|Any CPU.Deploy.0 = Release|Any CPU
		{912B9C67-6C1C-444A-9C46-0074AA3F0B96}.Release|ARM.ActiveCfg = Release|Any CPU
		{912B9C67-6C1C-444A-9C46-0074AA3F0B96}.Release|ARM.Build.0 = Release|Any CPU
		{912B9C67-6C1C-444A-9C46-0074AA3F0B96}.Release|ARM.Deploy.0 = Release|Any CPU
		{912B9C67-6C1C-444A-9C46-0074AA3F0B96}.Release|ARM64.ActiveCfg = Release|Any CPU
		{912B9C67-6C1C-444A-9C46-0074AA3F0B96}.Release|ARM64.Build.0 = Release|Any CPU
		{912B9C67-6C1C-444A-9C46-0074AA3F0B96}.Release|ARM64.Deploy.0 = Release|Any CPU
		{912B9C67-6C1C-444A-9C46-0074AA3F0B96}.Release|x64.ActiveCfg = Release|Any CPU
		{912B9C67-6C1C-444A-9C46-0074AA3F0B96}.Release|x64.Build.0 = Release|Any CPU
		{912B9C67-6C1C-444A-9C46-0074AA3F0B96}.Release|x64.Deploy.0 = Release|Any CPU
		{912B9C67-6C1C-444A-9C46-0074AA3F0B96}.Release|x86.ActiveCfg = Release|Any CPU
		{912B9C67-6C1C-444A-9C46-0074AA3F0B96}.Release|x86.Build.0 = Release|Any CPU
		{912B9C67-6C1C-444A-9C46-0074AA3F0B96}.Release|x86.Deploy.0 = Release|Any CPU
		{F971AF36-2025-46AE-984E-C0BB4AE04F70}.Debug|Any CPU.ActiveCfg = Debug|Any CPU
		{F971AF36-2025-46AE-984E-C0BB4AE04F70}.Debug|Any CPU.Build.0 = Debug|Any CPU
		{F971AF36-2025-46AE-984E-C0BB4AE04F70}.Debug|Any CPU.Deploy.0 = Debug|Any CPU
		{F971AF36-2025-46AE-984E-C0BB4AE04F70}.Debug|ARM.ActiveCfg = Debug|Any CPU
		{F971AF36-2025-46AE-984E-C0BB4AE04F70}.Debug|ARM.Build.0 = Debug|Any CPU
		{F971AF36-2025-46AE-984E-C0BB4AE04F70}.Debug|ARM64.ActiveCfg = Debug|Any CPU
		{F971AF36-2025-46AE-984E-C0BB4AE04F70}.Debug|ARM64.Build.0 = Debug|Any CPU
		{F971AF36-2025-46AE-984E-C0BB4AE04F70}.Debug|x64.ActiveCfg = Debug|Any CPU
		{F971AF36-2025-46AE-984E-C0BB4AE04F70}.Debug|x64.Build.0 = Debug|Any CPU
		{F971AF36-2025-46AE-984E-C0BB4AE04F70}.Debug|x86.ActiveCfg = Debug|Any CPU
		{F971AF36-2025-46AE-984E-C0BB4AE04F70}.Debug|x86.Build.0 = Debug|Any CPU
		{F971AF36-2025-46AE-984E-C0BB4AE04F70}.Release|Any CPU.ActiveCfg = Release|Any CPU
		{F971AF36-2025-46AE-984E-C0BB4AE04F70}.Release|Any CPU.Build.0 = Release|Any CPU
		{F971AF36-2025-46AE-984E-C0BB4AE04F70}.Release|Any CPU.Deploy.0 = Release|Any CPU
		{F971AF36-2025-46AE-984E-C0BB4AE04F70}.Release|ARM.ActiveCfg = Release|Any CPU
		{F971AF36-2025-46AE-984E-C0BB4AE04F70}.Release|ARM.Build.0 = Release|Any CPU
		{F971AF36-2025-46AE-984E-C0BB4AE04F70}.Release|ARM64.ActiveCfg = Release|Any CPU
		{F971AF36-2025-46AE-984E-C0BB4AE04F70}.Release|ARM64.Build.0 = Release|Any CPU
		{F971AF36-2025-46AE-984E-C0BB4AE04F70}.Release|x64.ActiveCfg = Release|Any CPU
		{F971AF36-2025-46AE-984E-C0BB4AE04F70}.Release|x64.Build.0 = Release|Any CPU
		{F971AF36-2025-46AE-984E-C0BB4AE04F70}.Release|x86.ActiveCfg = Release|Any CPU
		{F971AF36-2025-46AE-984E-C0BB4AE04F70}.Release|x86.Build.0 = Release|Any CPU
		{AAA66310-7C85-41E8-A864-4462050ED419}.Debug|Any CPU.ActiveCfg = Debug|x64
		{AAA66310-7C85-41E8-A864-4462050ED419}.Debug|Any CPU.Build.0 = Debug|x64
		{AAA66310-7C85-41E8-A864-4462050ED419}.Debug|Any CPU.Deploy.0 = Debug|x64
		{AAA66310-7C85-41E8-A864-4462050ED419}.Debug|ARM.ActiveCfg = Debug|ARM
		{AAA66310-7C85-41E8-A864-4462050ED419}.Debug|ARM.Build.0 = Debug|ARM
		{AAA66310-7C85-41E8-A864-4462050ED419}.Debug|ARM.Deploy.0 = Debug|ARM
		{AAA66310-7C85-41E8-A864-4462050ED419}.Debug|ARM64.ActiveCfg = Debug|ARM64
		{AAA66310-7C85-41E8-A864-4462050ED419}.Debug|ARM64.Build.0 = Debug|ARM64
		{AAA66310-7C85-41E8-A864-4462050ED419}.Debug|ARM64.Deploy.0 = Debug|ARM64
		{AAA66310-7C85-41E8-A864-4462050ED419}.Debug|x64.ActiveCfg = Debug|x64
		{AAA66310-7C85-41E8-A864-4462050ED419}.Debug|x64.Build.0 = Debug|x64
		{AAA66310-7C85-41E8-A864-4462050ED419}.Debug|x64.Deploy.0 = Debug|x64
		{AAA66310-7C85-41E8-A864-4462050ED419}.Debug|x86.ActiveCfg = Debug|x86
		{AAA66310-7C85-41E8-A864-4462050ED419}.Debug|x86.Build.0 = Debug|x86
		{AAA66310-7C85-41E8-A864-4462050ED419}.Debug|x86.Deploy.0 = Debug|x86
		{AAA66310-7C85-41E8-A864-4462050ED419}.Release|Any CPU.ActiveCfg = Release|x64
		{AAA66310-7C85-41E8-A864-4462050ED419}.Release|Any CPU.Build.0 = Release|x64
		{AAA66310-7C85-41E8-A864-4462050ED419}.Release|Any CPU.Deploy.0 = Release|x64
		{AAA66310-7C85-41E8-A864-4462050ED419}.Release|ARM.ActiveCfg = Release|ARM
		{AAA66310-7C85-41E8-A864-4462050ED419}.Release|ARM.Build.0 = Release|ARM
		{AAA66310-7C85-41E8-A864-4462050ED419}.Release|ARM.Deploy.0 = Release|ARM
		{AAA66310-7C85-41E8-A864-4462050ED419}.Release|ARM64.ActiveCfg = Release|ARM64
		{AAA66310-7C85-41E8-A864-4462050ED419}.Release|ARM64.Build.0 = Release|ARM64
		{AAA66310-7C85-41E8-A864-4462050ED419}.Release|ARM64.Deploy.0 = Release|ARM64
		{AAA66310-7C85-41E8-A864-4462050ED419}.Release|x64.ActiveCfg = Release|x64
		{AAA66310-7C85-41E8-A864-4462050ED419}.Release|x64.Build.0 = Release|x64
		{AAA66310-7C85-41E8-A864-4462050ED419}.Release|x64.Deploy.0 = Release|x64
		{AAA66310-7C85-41E8-A864-4462050ED419}.Release|x86.ActiveCfg = Release|x86
		{AAA66310-7C85-41E8-A864-4462050ED419}.Release|x86.Build.0 = Release|x86
		{AAA66310-7C85-41E8-A864-4462050ED419}.Release|x86.Deploy.0 = Release|x86
	EndGlobalSection
	GlobalSection(SolutionProperties) = preSolution
		HideSolutionNode = FALSE
	EndGlobalSection
	GlobalSection(ExtensibilityGlobals) = postSolution
		SolutionGuid = {C1C5DBD9-D99C-4C07-87B4-F76F4CD349D8}
	EndGlobalSection
EndGlobal
